{
    "_meta": {
        "hash": {
            "sha256": "8fb0b01bfd0e413d6fcd253b381cf287b8e6257613651e1ee57744ab41142a0d"
        },
        "pipfile-spec": 6,
        "requires": {
            "python_version": "3.5"
        },
        "sources": [
            {
                "name": "pypi",
                "url": "https://pypi.org/simple",
                "verify_ssl": true
            }
        ]
    },
    "default": {
        "attrs": {
            "hashes": [
                "sha256:149e90d6d8ac20db7a955ad60cf0e6881a3f20d37096140088356da6c716b0b1",
                "sha256:ef6aaac3ca6cd92904cdd0d83f629a15f18053ec84e6432106f7a4d04ae4f5fb"
            ],
            "version": "==21.2.0"
        },
        "certifi": {
            "hashes": [
                "sha256:2bbf76fd432960138b3ef6dda3dde0544f27cbf8546c458e60baf371917ba9ee",
                "sha256:50b1e4f8446b06f41be7dd6338db18e0990601dce795c2b1686458aa7e8fa7d8"
            ],
            "version": "==2021.5.30"
        },
        "chardet": {
            "hashes": [
                "sha256:0d6f53a15db4120f2b08c94f11e7d93d2c911ee118b6b30a04ec3ee8310179fa",
                "sha256:f864054d66fd9118f2e67044ac8981a54775ec5b67aed0441892edb553d21da5"
            ],
            "version": "==4.0.0"
        },
        "configloader": {
            "hashes": [
                "sha256:e2033a2328f704c68479423ae0ad3dcc08767270c5f57f562f2aa0bd370c16b9",
                "sha256:e2613c1b8c838e1f3046bf6bb4a11ecfaf6e3950e5a2aa1b8569b39c9171a044"
            ],
            "index": "pypi",
            "version": "==1.0.1"
        },
        "connectordb": {
            "hashes": [
                "sha256:0ff42a4535cf6289692ac0d372c0bdbd9eb9d308a5d7ef75cd41c34f8cd1ac00",
                "sha256:5a1f45a1f8a7c5a69af12cb65124bfd6fab3d0d7320d64885d73f2a31e269e1b"
            ],
            "index": "pypi",
            "version": "==0.3.5"
        },
        "idna": {
            "hashes": [
                "sha256:b307872f855b18632ce0c21c5e45be78c0ea7ae4c15c828c20788b26921eb3f6",
                "sha256:b97d804b1e9b523befed77c48dacec60e6dcb0b5391d57af6a65a312a90648c0"
            ],
            "version": "==2.10"
        },
        "importlib-metadata": {
            "hashes": [
                "sha256:b8de9eff2b35fb037368f28a7df1df4e6436f578fa74423505b6c6a778d5b5dd",
                "sha256:c2d6341ff566f609e89a2acb2db190e5e1d23d5409d6cc8d2fe34d72443876d4"
            ],
            "markers": "python_version < '3.8'",
            "version": "==2.1.1"
        },
        "jsonschema": {
            "hashes": [
                "sha256:4e5b3cf8216f577bee9ce139cbe72eca3ea4f292ec60928ff24758ce626cd163",
                "sha256:c8a85b28d377cc7737e46e2d9f2b4f44ee3c0e1deac6bf46ddefc7187d30797a"
            ],
            "version": "==3.2.0"
        },
        "pbr": {
            "hashes": [
                "sha256:a7953f66e1f82e4b061f43096a4bcc058f7d3d41de9b94ac871770e8bdd831a2",
                "sha256:d717573351cfe09f49df61906cd272abaa759b3e91744396b804965ff7bff38b"
            ],
            "index": "pypi",
            "version": "==5.1.2"
        },
        "pyrsistent": {
            "hashes": [
                "sha256:2e636185d9eb976a18a8a8e96efce62f2905fea90041958d8cc2a189756ebf3e"
            ],
            "version": "==0.17.3"
        },
        "pyyaml": {
            "hashes": [
                "sha256:406b717f739e2d00c49873068b71f5454c2420157db51b082d4d2beb17ffffb6"
            ],
            "index": "pypi",
            "version": "==4.2b2"
        },
        "requests": {
            "hashes": [
                "sha256:27973dd4a904a4f13b263a19c866c13b92a39ed1c964655f025f3f8d3d75b804",
                "sha256:c210084e36a42ae6b9219e00e48287def368a26d03a048ddad7bfee44f75871e"
            ],
            "version": "==2.25.1"
        },
        "six": {
            "hashes": [
                "sha256:1e61c37477a1626458e36f7b1d82aa5c9b094fa4802892072e49de9c60c4c926",
                "sha256:8abb2f1d86890a2dfb989f9a77cfcfd3e47c2a354b01111771326f8aa26e0254"
            ],
            "version": "==1.16.0"
        },
        "urllib3": {
            "hashes": [
                "sha256:753a0374df26658f99d826cfe40394a686d05985786d946fbe4165b5148f5a7c",
                "sha256:a7acd0977125325f516bda9735fa7142b909a8d01e8b2e4c8108d0984e6e0098"
            ],
            "index": "pypi",
            "version": "==1.26.5"
        },
        "websocket-client": {
            "hashes": [
                "sha256:2e50d26ca593f70aba7b13a489435ef88b8fc3b5c5643c1ce8808ff9b40f0b32",
                "sha256:d376bd60eace9d437ab6d7ee16f4ab4e821c9dae591e1b783c58ebd8aaf80c5c"
            ],
            "version": "==0.59.0"
        },
        "zipp": {
            "hashes": [
                "sha256:c70410551488251b0fee67b460fb9a536af8d6f9f008ad10ac51f615b6a521b1",
                "sha256:e0d9e63797e483a30d27e09fffd308c59a700d365ec34e93cc100844168bf921"
            ],
            "version": "==1.2.0"
        }
    },
    "develop": {}
}
